
Microsoft Visual Studio Solution File, Format Version 12.00
# Visual Studio Version 16
VisualStudioVersion = 16.0.30320.27
MinimumVisualStudioVersion = 10.0.40219.1
Project("{FAE04EC0-301F-11D3-BF4B-00C04F79EFBC}") = "XmlSandbox", "XmlSandbox.csproj", "{07512C3B-914B-4665-BCBE-580E2266214A}"
EndProject
Global
	GlobalSection(SolutionConfigurationPlatforms) = preSolution
		Debug|Any CPU = Debug|Any CPU
		Release|Any CPU = Release|Any CPU
	EndGlobalSection
	GlobalSection(ProjectConfigurationPlatforms) = postSolution
		{07512C3B-914B-4665-BCBE-580E2266214A}.Debug|Any CPU.ActiveCfg = Debug|Any CPU
		{07512C3B-914B-4665-BCBE-580E2266214A}.Debug|Any CPU.Build.0 = Debug|Any CPU
		{07512C3B-914B-4665-BCBE-580E2266214A}.Release|Any CPU.ActiveCfg = Release|Any CPU
		{07512C3B-914B-4665-BCBE-580E2266214A}.Release|Any CPU.Build.0 = Release|Any CPU
	EndGlobalSection
	GlobalSection(SolutionProperties) = preSolution
		HideSolutionNode = FALSE
	EndGlobalSection
	GlobalSection(ExtensibilityGlobals) = postSolution
		SolutionGuid = {75CE995C-4790-403E-9373-11A514F3E340}
	EndGlobalSection
EndGlobal
